
Microsoft Visual Studio Solution File, Format Version 12.00
# Visual Studio Version 16
VisualStudioVersion = 16.0.30804.86
MinimumVisualStudioVersion = 10.0.40219.1
Project("{FAE04EC0-301F-11D3-BF4B-00C04F79EFBC}") = "BlogLab.Web", "BlogLab.Web\BlogLab.Web.csproj", "{3FFD0909-ADBE-452E-BC29-22B8FCC98C50}"
EndProject
Global
	GlobalSection(SolutionConfigurationPlatforms) = preSolution
		Debug|Any CPU = Debug|Any CPU
		Release|Any CPU = Release|Any CPU
	EndGlobalSection
	GlobalSection(ProjectConfigurationPlatforms) = postSolution
		{3FFD0909-ADBE-452E-BC29-22B8FCC98C50}.Debug|Any CPU.ActiveCfg = Debug|Any CPU
		{3FFD0909-ADBE-452E-BC29-22B8FCC98C50}.Debug|Any CPU.Build.0 = Debug|Any CPU
		{3FFD0909-ADBE-452E-BC29-22B8FCC98C50}.Release|Any CPU.ActiveCfg = Release|Any CPU
		{3FFD0909-ADBE-452E-BC29-22B8FCC98C50}.Release|Any CPU.Build.0 = Release|Any CPU
	EndGlobalSection
	GlobalSection(SolutionProperties) = preSolution
		HideSolutionNode = FALSE
	EndGlobalSection
	GlobalSection(ExtensibilityGlobals) = postSolution
		SolutionGuid = {FE5D72FE-6A8E-473B-A26E-0D91D81F101F}
	EndGlobalSection
EndGlobal
